
Microsoft Visual Studio Solution File, Format Version 12.00
# Visual Studio Version 17
VisualStudioVersion = 17.7.34221.43
MinimumVisualStudioVersion = 10.0.40219.1
Project("{9A19103F-16F7-4668-BE54-9A1E7A4F7556}") = "webSITE", "webSITE\webSITE.csproj", "{4E06955D-8015-4269-83C3-79D18BBF37CA}"
EndProject
Project("{9A19103F-16F7-4668-BE54-9A1E7A4F7556}") = "webSITE.Domain", "webSITE.Models\webSITE.Domain.csproj", "{3E209DEB-F584-4859-BD08-0AB7375A33B7}"
EndProject
Project("{9A19103F-16F7-4668-BE54-9A1E7A4F7556}") = "webSITE.DataAccess", "webSITE.DataAccess\webSITE.DataAccess.csproj", "{CABFD9D4-A341-4EB1-89FB-0E5EEB799803}"
EndProject
Project("{9A19103F-16F7-4668-BE54-9A1E7A4F7556}") = "webSITE.Configuration", "webSITE.Configuration\webSITE.Configuration.csproj", "{517A9158-ACEB-4C9C-A9C9-B02BA19DED67}"
EndProject
Project("{9A19103F-16F7-4668-BE54-9A1E7A4F7556}") = "webSITE.Test", "webSITE.Test\webSITE.Test.csproj", "{AB59FB0A-613F-4160-A48F-3FAEEACAC5CB}"
EndProject
Project("{2150E333-8FDC-42A3-9474-1A3956D46DE8}") = "Solution Items", "Solution Items", "{C576D383-9F30-4E87-8748-415AFCC8D84A}"
	ProjectSection(SolutionItems) = preProject
		.gitignore = .gitignore
		SeedDataMahasiswa.sql = SeedDataMahasiswa.sql
	EndProjectSection
EndProject
Global
	GlobalSection(SolutionConfigurationPlatforms) = preSolution
		Debug|Any CPU = Debug|Any CPU
		Release|Any CPU = Release|Any CPU
	EndGlobalSection
	GlobalSection(ProjectConfigurationPlatforms) = postSolution
		{4E06955D-8015-4269-83C3-79D18BBF37CA}.Debug|Any CPU.ActiveCfg = Debug|Any CPU
		{4E06955D-8015-4269-83C3-79D18BBF37CA}.Debug|Any CPU.Build.0 = Debug|Any CPU
		{4E06955D-8015-4269-83C3-79D18BBF37CA}.Release|Any CPU.ActiveCfg = Release|Any CPU
		{4E06955D-8015-4269-83C3-79D18BBF37CA}.Release|Any CPU.Build.0 = Release|Any CPU
		{3E209DEB-F584-4859-BD08-0AB7375A33B7}.Debug|Any CPU.ActiveCfg = Debug|Any CPU
		{3E209DEB-F584-4859-BD08-0AB7375A33B7}.Debug|Any CPU.Build.0 = Debug|Any CPU
		{3E209DEB-F584-4859-BD08-0AB7375A33B7}.Release|Any CPU.ActiveCfg = Release|Any CPU
		{3E209DEB-F584-4859-BD08-0AB7375A33B7}.Release|Any CPU.Build.0 = Release|Any CPU
		{CABFD9D4-A341-4EB1-89FB-0E5EEB799803}.Debug|Any CPU.ActiveCfg = Debug|Any CPU
		{CABFD9D4-A341-4EB1-89FB-0E5EEB799803}.Debug|Any CPU.Build.0 = Debug|Any CPU
		{CABFD9D4-A341-4EB1-89FB-0E5EEB799803}.Release|Any CPU.ActiveCfg = Release|Any CPU
		{CABFD9D4-A341-4EB1-89FB-0E5EEB799803}.Release|Any CPU.Build.0 = Release|Any CPU
		{517A9158-ACEB-4C9C-A9C9-B02BA19DED67}.Debug|Any CPU.ActiveCfg = Debug|Any CPU
		{517A9158-ACEB-4C9C-A9C9-B02BA19DED67}.Debug|Any CPU.Build.0 = Debug|Any CPU
		{517A9158-ACEB-4C9C-A9C9-B02BA19DED67}.Release|Any CPU.ActiveCfg = Release|Any CPU
		{517A9158-ACEB-4C9C-A9C9-B02BA19DED67}.Release|Any CPU.Build.0 = Release|Any CPU
		{AB59FB0A-613F-4160-A48F-3FAEEACAC5CB}.Debug|Any CPU.ActiveCfg = Debug|Any CPU
		{AB59FB0A-613F-4160-A48F-3FAEEACAC5CB}.Debug|Any CPU.Build.0 = Debug|Any CPU
		{AB59FB0A-613F-4160-A48F-3FAEEACAC5CB}.Release|Any CPU.ActiveCfg = Release|Any CPU
		{AB59FB0A-613F-4160-A48F-3FAEEACAC5CB}.Release|Any CPU.Build.0 = Release|Any CPU
	EndGlobalSection
	GlobalSection(SolutionProperties) = preSolution
		HideSolutionNode = FALSE
	EndGlobalSection
	GlobalSection(ExtensibilityGlobals) = postSolution
		SolutionGuid = {577337AA-EBAC-4218-8619-BB9799F71535}
	EndGlobalSection
EndGlobal
